// !$*UTF8*$!
{
	archiveVersion = 1;
	classes = {
	};
	objectVersion = 48;
	objects = {

/* Begin PBXBuildFile section */
		11BA52E26FE4A949A170DE5E /* Pods_DriveEye.framework in Frameworks */ = {isa = PBXBuildFile; fileRef = 75C1BE22A2AF85433A67F30D /* Pods_DriveEye.framework */; };
		4122BF55B7C34843D3495C3A /* Pods_DriveEyeTests.framework in Frameworks */ = {isa = PBXBuildFile; fileRef = 7E89E7D4835FF40FB321F44B /* Pods_DriveEyeTests.framework */; };
		A63989D36703CA21DA004BC9 /* Pods_DriveEyeUITests.framework in Frameworks */ = {isa = PBXBuildFile; fileRef = 8C70749BFC6FC4C072ED73F4 /* Pods_DriveEyeUITests.framework */; };
		DC0606B8229E090F007EB97E /* LeaguePresenter.swift in Sources */ = {isa = PBXBuildFile; fileRef = DC0606B7229E090F007EB97E /* LeaguePresenter.swift */; };
		DC0606BB229E097D007EB97E /* LeagueDelegate.swift in Sources */ = {isa = PBXBuildFile; fileRef = DC0606BA229E097D007EB97E /* LeagueDelegate.swift */; };
		DC0606BD229E09A1007EB97E /* LeagueDetailsDelegate.swift in Sources */ = {isa = PBXBuildFile; fileRef = DC0606BC229E09A1007EB97E /* LeagueDetailsDelegate.swift */; };
		DC0606BF229ED02A007EB97E /* LeagueDetailsPresenter.swift in Sources */ = {isa = PBXBuildFile; fileRef = DC0606BE229ED02A007EB97E /* LeagueDetailsPresenter.swift */; };
		DC16ECAD22989690005A3DE5 /* Coach.storyboard in Resources */ = {isa = PBXBuildFile; fileRef = DC16ECAC2298968F005A3DE5 /* Coach.storyboard */; };
		DC16ECAF229896B1005A3DE5 /* CoachModel.swift in Sources */ = {isa = PBXBuildFile; fileRef = DC16ECAE229896B1005A3DE5 /* CoachModel.swift */; };
		DC16ECB2229896C7005A3DE5 /* CoachTVCell.swift in Sources */ = {isa = PBXBuildFile; fileRef = DC16ECB0229896C7005A3DE5 /* CoachTVCell.swift */; };
		DC16ECB3229896C7005A3DE5 /* CoachTVController.swift in Sources */ = {isa = PBXBuildFile; fileRef = DC16ECB1229896C7005A3DE5 /* CoachTVController.swift */; };
		DC20BDC32296A85100C505B9 /* LeagueTVCell.swift in Sources */ = {isa = PBXBuildFile; fileRef = DC20BDC22296A85100C505B9 /* LeagueTVCell.swift */; };
		DC20BDC62296BE7900C505B9 /* LeagueDetailsVController.swift in Sources */ = {isa = PBXBuildFile; fileRef = DC20BDC52296BE7900C505B9 /* LeagueDetailsVController.swift */; };
		DC20BDC82296C6CF00C505B9 /* LeagueAlertVController.swift in Sources */ = {isa = PBXBuildFile; fileRef = DC20BDC72296C6CF00C505B9 /* LeagueAlertVController.swift */; };
		DC2CD91A229744DC0027BE34 /* CoachController.swift in Sources */ = {isa = PBXBuildFile; fileRef = DC2CD919229744DC0027BE34 /* CoachController.swift */; };
		DC2CD91D229745250027BE34 /* AlertServices.swift in Sources */ = {isa = PBXBuildFile; fileRef = DC2CD91C229745250027BE34 /* AlertServices.swift */; };
		DC3FE14E22A14BC0004E4851 /* ActionEnum.swift in Sources */ = {isa = PBXBuildFile; fileRef = DC3FE14D22A14BC0004E4851 /* ActionEnum.swift */; };
		DC4709892296BACF00F016D1 /* SeasonTableViewController.swift in Sources */ = {isa = PBXBuildFile; fileRef = DC4709882296BACF00F016D1 /* SeasonTableViewController.swift */; };
		DC47098C2296BFCC00F016D1 /* SeasonTableViewCell.swift in Sources */ = {isa = PBXBuildFile; fileRef = DC47098B2296BFCC00F016D1 /* SeasonTableViewCell.swift */; };
		DC4709912296E95900F016D1 /* SeasonDeatailsViewController.swift in Sources */ = {isa = PBXBuildFile; fileRef = DC4709902296E95900F016D1 /* SeasonDeatailsViewController.swift */; };
		DC4709B6229A29B500F016D1 /* Season.swift in Sources */ = {isa = PBXBuildFile; fileRef = DC4709B5229A29B500F016D1 /* Season.swift */; };
		DC4709B8229A2B6B00F016D1 /* User.swift in Sources */ = {isa = PBXBuildFile; fileRef = DC4709B7229A2B6B00F016D1 /* User.swift */; };
		DC47B15922943F69007E291E /* AppDelegate.swift in Sources */ = {isa = PBXBuildFile; fileRef = DC47B15822943F69007E291E /* AppDelegate.swift */; };
		DC47B15B22943F69007E291E /* ViewController.swift in Sources */ = {isa = PBXBuildFile; fileRef = DC47B15A22943F69007E291E /* ViewController.swift */; };
		DC47B15E22943F69007E291E /* Main.storyboard in Resources */ = {isa = PBXBuildFile; fileRef = DC47B15C22943F69007E291E /* Main.storyboard */; };
		DC47B16022943F69007E291E /* Assets.xcassets in Resources */ = {isa = PBXBuildFile; fileRef = DC47B15F22943F69007E291E /* Assets.xcassets */; };
		DC47B16322943F69007E291E /* LaunchScreen.storyboard in Resources */ = {isa = PBXBuildFile; fileRef = DC47B16122943F69007E291E /* LaunchScreen.storyboard */; };
		DC47B16E22943F69007E291E /* DriveEyeTests.swift in Sources */ = {isa = PBXBuildFile; fileRef = DC47B16D22943F69007E291E /* DriveEyeTests.swift */; };
		DC47B17922943F69007E291E /* DriveEyeUITests.swift in Sources */ = {isa = PBXBuildFile; fileRef = DC47B17822943F69007E291E /* DriveEyeUITests.swift */; };
		DC606A1B22956864003AEBB7 /* Season.storyboard in Resources */ = {isa = PBXBuildFile; fileRef = DC606A1A22956864003AEBB7 /* Season.storyboard */; };
		DC79D5192298120E00420167 /* AlertVC.swift in Sources */ = {isa = PBXBuildFile; fileRef = DC79D5182298120E00420167 /* AlertVC.swift */; };
		DC92416122974D95000F6A51 /* AlertStoryboard.storyboard in Resources */ = {isa = PBXBuildFile; fileRef = DC92416022974D95000F6A51 /* AlertStoryboard.storyboard */; };
		DCB00A70229577E500F476A3 /* LoginAndRegistration.storyboard in Resources */ = {isa = PBXBuildFile; fileRef = DCB00A6F229577E500F476A3 /* LoginAndRegistration.storyboard */; };
		DCB00A72229578B500F476A3 /* LoginViewController.swift in Sources */ = {isa = PBXBuildFile; fileRef = DCB00A71229578B500F476A3 /* LoginViewController.swift */; };
		DCB00A772296D74900F476A3 /* UIButtonExtention.swift in Sources */ = {isa = PBXBuildFile; fileRef = DCB00A762296D74900F476A3 /* UIButtonExtention.swift */; };
		DCFA73E8229BE84E00CDC104 /* LeagueResponse.swift in Sources */ = {isa = PBXBuildFile; fileRef = DCFA73E7229BE84E00CDC104 /* LeagueResponse.swift */; };
		DCFA73EA229BEA1000CDC104 /* League.swift in Sources */ = {isa = PBXBuildFile; fileRef = DCFA73E9229BEA1000CDC104 /* League.swift */; };
		DCFB2736229FF1A30008BE8A /* LeagueAlertPresenter.swift in Sources */ = {isa = PBXBuildFile; fileRef = DCFB2735229FF1A30008BE8A /* LeagueAlertPresenter.swift */; };
		DCFB273822A0051A0008BE8A /* LeagueAlertDelegate.swift in Sources */ = {isa = PBXBuildFile; fileRef = DCFB273722A0051A0008BE8A /* LeagueAlertDelegate.swift */; };
		DCFB273A22A00B390008BE8A /* LeaguePostResponse.swift in Sources */ = {isa = PBXBuildFile; fileRef = DCFB273922A00B390008BE8A /* LeaguePostResponse.swift */; };
		DCFB273C22A027D40008BE8A /* LeaguePostErrorResponse.swift in Sources */ = {isa = PBXBuildFile; fileRef = DCFB273B22A027D40008BE8A /* LeaguePostErrorResponse.swift */; };
		DCFBC61C229CBF470082C5B5 /* LeagueDetailsResponse.swift in Sources */ = {isa = PBXBuildFile; fileRef = DCFBC61B229CBF470082C5B5 /* LeagueDetailsResponse.swift */; };
		DCFBC61E229CC0080082C5B5 /* UserLeague.swift in Sources */ = {isa = PBXBuildFile; fileRef = DCFBC61D229CC0080082C5B5 /* UserLeague.swift */; };
		DCFE26C8229548F70043DB65 /* League.storyboard in Resources */ = {isa = PBXBuildFile; fileRef = DCFE26C7229548F70043DB65 /* League.storyboard */; };
		DCFE26CA22954EF60043DB65 /* LeagueModel.swift in Sources */ = {isa = PBXBuildFile; fileRef = DCFE26C922954EF60043DB65 /* LeagueModel.swift */; };
		DCFE6851229B16FE004FFECA /* LeagueVController.swift in Sources */ = {isa = PBXBuildFile; fileRef = DCFE6850229B16FE004FFECA /* LeagueVController.swift */; };
/* End PBXBuildFile section */

/* Begin PBXContainerItemProxy section */
		DC47B16A22943F69007E291E /* PBXContainerItemProxy */ = {
			isa = PBXContainerItemProxy;
			containerPortal = DC47B14D22943F69007E291E /* Project object */;
			proxyType = 1;
			remoteGlobalIDString = DC47B15422943F69007E291E;
			remoteInfo = DriveEye;
		};
		DC47B17522943F69007E291E /* PBXContainerItemProxy */ = {
			isa = PBXContainerItemProxy;
			containerPortal = DC47B14D22943F69007E291E /* Project object */;
			proxyType = 1;
			remoteGlobalIDString = DC47B15422943F69007E291E;
			remoteInfo = DriveEye;
		};
/* End PBXContainerItemProxy section */

/* Begin PBXFileReference section */
		1C5E10B5845CF107BD15F1DD /* Pods-DriveEyeUITests.release.xcconfig */ = {isa = PBXFileReference; includeInIndex = 1; lastKnownFileType = text.xcconfig; name = "Pods-DriveEyeUITests.release.xcconfig"; path = "Target Support Files/Pods-DriveEyeUITests/Pods-DriveEyeUITests.release.xcconfig"; sourceTree = "<group>"; };
		2397710A3E53D6FBCA7C8B25 /* Pods-DriveEye.release.xcconfig */ = {isa = PBXFileReference; includeInIndex = 1; lastKnownFileType = text.xcconfig; name = "Pods-DriveEye.release.xcconfig"; path = "Target Support Files/Pods-DriveEye/Pods-DriveEye.release.xcconfig"; sourceTree = "<group>"; };
		69457F4C23196F701FE66241 /* Pods-DriveEyeUITests.debug.xcconfig */ = {isa = PBXFileReference; includeInIndex = 1; lastKnownFileType = text.xcconfig; name = "Pods-DriveEyeUITests.debug.xcconfig"; path = "Target Support Files/Pods-DriveEyeUITests/Pods-DriveEyeUITests.debug.xcconfig"; sourceTree = "<group>"; };
		75C1BE22A2AF85433A67F30D /* Pods_DriveEye.framework */ = {isa = PBXFileReference; explicitFileType = wrapper.framework; includeInIndex = 0; path = Pods_DriveEye.framework; sourceTree = BUILT_PRODUCTS_DIR; };
		7E89E7D4835FF40FB321F44B /* Pods_DriveEyeTests.framework */ = {isa = PBXFileReference; explicitFileType = wrapper.framework; includeInIndex = 0; path = Pods_DriveEyeTests.framework; sourceTree = BUILT_PRODUCTS_DIR; };
		8C70749BFC6FC4C072ED73F4 /* Pods_DriveEyeUITests.framework */ = {isa = PBXFileReference; explicitFileType = wrapper.framework; includeInIndex = 0; path = Pods_DriveEyeUITests.framework; sourceTree = BUILT_PRODUCTS_DIR; };
		AC9B9B970489E7C885F5E442 /* Pods-DriveEyeTests.debug.xcconfig */ = {isa = PBXFileReference; includeInIndex = 1; lastKnownFileType = text.xcconfig; name = "Pods-DriveEyeTests.debug.xcconfig"; path = "Target Support Files/Pods-DriveEyeTests/Pods-DriveEyeTests.debug.xcconfig"; sourceTree = "<group>"; };
		BCEA8F317091670CB00C5BFC /* Pods-DriveEye.debug.xcconfig */ = {isa = PBXFileReference; includeInIndex = 1; lastKnownFileType = text.xcconfig; name = "Pods-DriveEye.debug.xcconfig"; path = "Target Support Files/Pods-DriveEye/Pods-DriveEye.debug.xcconfig"; sourceTree = "<group>"; };
		DC0606B7229E090F007EB97E /* LeaguePresenter.swift */ = {isa = PBXFileReference; lastKnownFileType = sourcecode.swift; path = LeaguePresenter.swift; sourceTree = "<group>"; };
		DC0606BA229E097D007EB97E /* LeagueDelegate.swift */ = {isa = PBXFileReference; lastKnownFileType = sourcecode.swift; path = LeagueDelegate.swift; sourceTree = "<group>"; };
		DC0606BC229E09A1007EB97E /* LeagueDetailsDelegate.swift */ = {isa = PBXFileReference; lastKnownFileType = sourcecode.swift; path = LeagueDetailsDelegate.swift; sourceTree = "<group>"; };
		DC0606BE229ED02A007EB97E /* LeagueDetailsPresenter.swift */ = {isa = PBXFileReference; lastKnownFileType = sourcecode.swift; path = LeagueDetailsPresenter.swift; sourceTree = "<group>"; };
		DC16ECAC2298968F005A3DE5 /* Coach.storyboard */ = {isa = PBXFileReference; fileEncoding = 4; lastKnownFileType = file.storyboard; path = Coach.storyboard; sourceTree = "<group>"; };
		DC16ECAE229896B1005A3DE5 /* CoachModel.swift */ = {isa = PBXFileReference; fileEncoding = 4; lastKnownFileType = sourcecode.swift; path = CoachModel.swift; sourceTree = "<group>"; };
		DC16ECB0229896C7005A3DE5 /* CoachTVCell.swift */ = {isa = PBXFileReference; fileEncoding = 4; lastKnownFileType = sourcecode.swift; path = CoachTVCell.swift; sourceTree = "<group>"; };
		DC16ECB1229896C7005A3DE5 /* CoachTVController.swift */ = {isa = PBXFileReference; fileEncoding = 4; lastKnownFileType = sourcecode.swift; path = CoachTVController.swift; sourceTree = "<group>"; };
		DC20BDC22296A85100C505B9 /* LeagueTVCell.swift */ = {isa = PBXFileReference; lastKnownFileType = sourcecode.swift; path = LeagueTVCell.swift; sourceTree = "<group>"; };
		DC20BDC52296BE7900C505B9 /* LeagueDetailsVController.swift */ = {isa = PBXFileReference; lastKnownFileType = sourcecode.swift; path = LeagueDetailsVController.swift; sourceTree = "<group>"; };
		DC20BDC72296C6CF00C505B9 /* LeagueAlertVController.swift */ = {isa = PBXFileReference; lastKnownFileType = sourcecode.swift; path = LeagueAlertVController.swift; sourceTree = "<group>"; };
		DC2CD919229744DC0027BE34 /* CoachController.swift */ = {isa = PBXFileReference; lastKnownFileType = sourcecode.swift; path = CoachController.swift; sourceTree = "<group>"; };
		DC2CD91C229745250027BE34 /* AlertServices.swift */ = {isa = PBXFileReference; lastKnownFileType = sourcecode.swift; path = AlertServices.swift; sourceTree = "<group>"; };
		DC3FE14D22A14BC0004E4851 /* ActionEnum.swift */ = {isa = PBXFileReference; lastKnownFileType = sourcecode.swift; path = ActionEnum.swift; sourceTree = "<group>"; };
		DC4709882296BACF00F016D1 /* SeasonTableViewController.swift */ = {isa = PBXFileReference; lastKnownFileType = sourcecode.swift; path = SeasonTableViewController.swift; sourceTree = "<group>"; };
		DC47098B2296BFCC00F016D1 /* SeasonTableViewCell.swift */ = {isa = PBXFileReference; lastKnownFileType = sourcecode.swift; path = SeasonTableViewCell.swift; sourceTree = "<group>"; };
		DC4709902296E95900F016D1 /* SeasonDeatailsViewController.swift */ = {isa = PBXFileReference; lastKnownFileType = sourcecode.swift; path = SeasonDeatailsViewController.swift; sourceTree = "<group>"; };
		DC4709B5229A29B500F016D1 /* Season.swift */ = {isa = PBXFileReference; lastKnownFileType = sourcecode.swift; path = Season.swift; sourceTree = "<group>"; };
		DC4709B7229A2B6B00F016D1 /* User.swift */ = {isa = PBXFileReference; lastKnownFileType = sourcecode.swift; path = User.swift; sourceTree = "<group>"; };
		DC47B15522943F69007E291E /* DriveEye.app */ = {isa = PBXFileReference; explicitFileType = wrapper.application; includeInIndex = 0; path = DriveEye.app; sourceTree = BUILT_PRODUCTS_DIR; };
		DC47B15822943F69007E291E /* AppDelegate.swift */ = {isa = PBXFileReference; lastKnownFileType = sourcecode.swift; path = AppDelegate.swift; sourceTree = "<group>"; };
		DC47B15A22943F69007E291E /* ViewController.swift */ = {isa = PBXFileReference; lastKnownFileType = sourcecode.swift; path = ViewController.swift; sourceTree = "<group>"; };
		DC47B15D22943F69007E291E /* Base */ = {isa = PBXFileReference; lastKnownFileType = file.storyboard; name = Base; path = Base.lproj/Main.storyboard; sourceTree = "<group>"; };
		DC47B15F22943F69007E291E /* Assets.xcassets */ = {isa = PBXFileReference; lastKnownFileType = folder.assetcatalog; path = Assets.xcassets; sourceTree = "<group>"; };
		DC47B16222943F69007E291E /* Base */ = {isa = PBXFileReference; lastKnownFileType = file.storyboard; name = Base; path = Base.lproj/LaunchScreen.storyboard; sourceTree = "<group>"; };
		DC47B16422943F69007E291E /* Info.plist */ = {isa = PBXFileReference; lastKnownFileType = text.plist.xml; path = Info.plist; sourceTree = "<group>"; };
		DC47B16922943F69007E291E /* DriveEyeTests.xctest */ = {isa = PBXFileReference; explicitFileType = wrapper.cfbundle; includeInIndex = 0; path = DriveEyeTests.xctest; sourceTree = BUILT_PRODUCTS_DIR; };
		DC47B16D22943F69007E291E /* DriveEyeTests.swift */ = {isa = PBXFileReference; lastKnownFileType = sourcecode.swift; path = DriveEyeTests.swift; sourceTree = "<group>"; };
		DC47B16F22943F69007E291E /* Info.plist */ = {isa = PBXFileReference; lastKnownFileType = text.plist.xml; path = Info.plist; sourceTree = "<group>"; };
		DC47B17422943F69007E291E /* DriveEyeUITests.xctest */ = {isa = PBXFileReference; explicitFileType = wrapper.cfbundle; includeInIndex = 0; path = DriveEyeUITests.xctest; sourceTree = BUILT_PRODUCTS_DIR; };
		DC47B17822943F69007E291E /* DriveEyeUITests.swift */ = {isa = PBXFileReference; lastKnownFileType = sourcecode.swift; path = DriveEyeUITests.swift; sourceTree = "<group>"; };
		DC47B17A22943F69007E291E /* Info.plist */ = {isa = PBXFileReference; lastKnownFileType = text.plist.xml; path = Info.plist; sourceTree = "<group>"; };
		DC606A1A22956864003AEBB7 /* Season.storyboard */ = {isa = PBXFileReference; lastKnownFileType = file.storyboard; path = Season.storyboard; sourceTree = "<group>"; };
		DC79D5182298120E00420167 /* AlertVC.swift */ = {isa = PBXFileReference; lastKnownFileType = sourcecode.swift; path = AlertVC.swift; sourceTree = "<group>"; };
		DC92416022974D95000F6A51 /* AlertStoryboard.storyboard */ = {isa = PBXFileReference; lastKnownFileType = file.storyboard; path = AlertStoryboard.storyboard; sourceTree = "<group>"; };
		DCB00A6F229577E500F476A3 /* LoginAndRegistration.storyboard */ = {isa = PBXFileReference; lastKnownFileType = file.storyboard; path = LoginAndRegistration.storyboard; sourceTree = "<group>"; };
		DCB00A71229578B500F476A3 /* LoginViewController.swift */ = {isa = PBXFileReference; lastKnownFileType = sourcecode.swift; path = LoginViewController.swift; sourceTree = "<group>"; };
		DCB00A762296D74900F476A3 /* UIButtonExtention.swift */ = {isa = PBXFileReference; lastKnownFileType = sourcecode.swift; path = UIButtonExtention.swift; sourceTree = "<group>"; };
		DCFA73E7229BE84E00CDC104 /* LeagueResponse.swift */ = {isa = PBXFileReference; lastKnownFileType = sourcecode.swift; path = LeagueResponse.swift; sourceTree = "<group>"; };
		DCFA73E9229BEA1000CDC104 /* League.swift */ = {isa = PBXFileReference; lastKnownFileType = sourcecode.swift; path = League.swift; sourceTree = "<group>"; };
		DCFB2735229FF1A30008BE8A /* LeagueAlertPresenter.swift */ = {isa = PBXFileReference; lastKnownFileType = sourcecode.swift; path = LeagueAlertPresenter.swift; sourceTree = "<group>"; };
		DCFB273722A0051A0008BE8A /* LeagueAlertDelegate.swift */ = {isa = PBXFileReference; lastKnownFileType = sourcecode.swift; path = LeagueAlertDelegate.swift; sourceTree = "<group>"; };
		DCFB273922A00B390008BE8A /* LeaguePostResponse.swift */ = {isa = PBXFileReference; lastKnownFileType = sourcecode.swift; path = LeaguePostResponse.swift; sourceTree = "<group>"; };
		DCFB273B22A027D40008BE8A /* LeaguePostErrorResponse.swift */ = {isa = PBXFileReference; lastKnownFileType = sourcecode.swift; path = LeaguePostErrorResponse.swift; sourceTree = "<group>"; };
		DCFBC61B229CBF470082C5B5 /* LeagueDetailsResponse.swift */ = {isa = PBXFileReference; lastKnownFileType = sourcecode.swift; path = LeagueDetailsResponse.swift; sourceTree = "<group>"; };
		DCFBC61D229CC0080082C5B5 /* UserLeague.swift */ = {isa = PBXFileReference; lastKnownFileType = sourcecode.swift; path = UserLeague.swift; sourceTree = "<group>"; };
		DCFE26C7229548F70043DB65 /* League.storyboard */ = {isa = PBXFileReference; fileEncoding = 4; lastKnownFileType = file.storyboard; path = League.storyboard; sourceTree = "<group>"; };
		DCFE26C922954EF60043DB65 /* LeagueModel.swift */ = {isa = PBXFileReference; lastKnownFileType = sourcecode.swift; path = LeagueModel.swift; sourceTree = "<group>"; };
		DCFE6850229B16FE004FFECA /* LeagueVController.swift */ = {isa = PBXFileReference; lastKnownFileType = sourcecode.swift; path = LeagueVController.swift; sourceTree = "<group>"; };
		EEC3B23BFC89A41DD10DF775 /* Pods-DriveEyeTests.release.xcconfig */ = {isa = PBXFileReference; includeInIndex = 1; lastKnownFileType = text.xcconfig; name = "Pods-DriveEyeTests.release.xcconfig"; path = "Target Support Files/Pods-DriveEyeTests/Pods-DriveEyeTests.release.xcconfig"; sourceTree = "<group>"; };
/* End PBXFileReference section */

/* Begin PBXFrameworksBuildPhase section */
		DC47B15222943F69007E291E /* Frameworks */ = {
			isa = PBXFrameworksBuildPhase;
			buildActionMask = 2147483647;
			files = (
				11BA52E26FE4A949A170DE5E /* Pods_DriveEye.framework in Frameworks */,
			);
			runOnlyForDeploymentPostprocessing = 0;
		};
		DC47B16622943F69007E291E /* Frameworks */ = {
			isa = PBXFrameworksBuildPhase;
			buildActionMask = 2147483647;
			files = (
				4122BF55B7C34843D3495C3A /* Pods_DriveEyeTests.framework in Frameworks */,
			);
			runOnlyForDeploymentPostprocessing = 0;
		};
		DC47B17122943F69007E291E /* Frameworks */ = {
			isa = PBXFrameworksBuildPhase;
			buildActionMask = 2147483647;
			files = (
				A63989D36703CA21DA004BC9 /* Pods_DriveEyeUITests.framework in Frameworks */,
			);
			runOnlyForDeploymentPostprocessing = 0;
		};
/* End PBXFrameworksBuildPhase section */

/* Begin PBXGroup section */
		834F450458B9AD5AF16AA06D /* Frameworks */ = {
			isa = PBXGroup;
			children = (
				75C1BE22A2AF85433A67F30D /* Pods_DriveEye.framework */,
				7E89E7D4835FF40FB321F44B /* Pods_DriveEyeTests.framework */,
				8C70749BFC6FC4C072ED73F4 /* Pods_DriveEyeUITests.framework */,
			);
			name = Frameworks;
			sourceTree = "<group>";
		};
		DC0606B6229E08EE007EB97E /* presenter */ = {
			isa = PBXGroup;
			children = (
				DC0606B7229E090F007EB97E /* LeaguePresenter.swift */,
				DC0606BE229ED02A007EB97E /* LeagueDetailsPresenter.swift */,
				DCFB2735229FF1A30008BE8A /* LeagueAlertPresenter.swift */,
				DC3FE14D22A14BC0004E4851 /* ActionEnum.swift */,
			);
			path = presenter;
			sourceTree = "<group>";
		};
		DC0606B9229E094B007EB97E /* delegate */ = {
			isa = PBXGroup;
			children = (
				DC0606BA229E097D007EB97E /* LeagueDelegate.swift */,
				DC0606BC229E09A1007EB97E /* LeagueDetailsDelegate.swift */,
				DCFB273722A0051A0008BE8A /* LeagueAlertDelegate.swift */,
			);
			path = delegate;
			sourceTree = "<group>";
		};
		DC20BDC42296B07C00C505B9 /* viewController */ = {
			isa = PBXGroup;
			children = (
				DC20BDC22296A85100C505B9 /* LeagueTVCell.swift */,
				DC20BDC52296BE7900C505B9 /* LeagueDetailsVController.swift */,
				DC20BDC72296C6CF00C505B9 /* LeagueAlertVController.swift */,
				DCFE6850229B16FE004FFECA /* LeagueVController.swift */,
			);
			path = viewController;
			sourceTree = "<group>";
		};
		DC2CD918229744910027BE34 /* controller */ = {
			isa = PBXGroup;
			children = (
				DC2CD919229744DC0027BE34 /* CoachController.swift */,
			);
			path = controller;
			sourceTree = "<group>";
		};
		DC2CD91B229745020027BE34 /* alert */ = {
			isa = PBXGroup;
			children = (
				DC2CD91C229745250027BE34 /* AlertServices.swift */,
				DC92416022974D95000F6A51 /* AlertStoryboard.storyboard */,
				DC79D5182298120E00420167 /* AlertVC.swift */,
			);
			path = alert;
			sourceTree = "<group>";
		};
		DC47098A2296BF8600F016D1 /* cells */ = {
			isa = PBXGroup;
			children = (
				DC47098B2296BFCC00F016D1 /* SeasonTableViewCell.swift */,
			);
			path = cells;
			sourceTree = "<group>";
		};
		DC47B14C22943F69007E291E = {
			isa = PBXGroup;
			children = (
				DC47B15722943F69007E291E /* DriveEye */,
				DC47B16C22943F69007E291E /* DriveEyeTests */,
				DC47B17722943F69007E291E /* DriveEyeUITests */,
				DC47B15622943F69007E291E /* Products */,
				EC5B14273D9CDA6780C03F3E /* Pods */,
				834F450458B9AD5AF16AA06D /* Frameworks */,
			);
			sourceTree = "<group>";
		};
		DC47B15622943F69007E291E /* Products */ = {
			isa = PBXGroup;
			children = (
				DC47B15522943F69007E291E /* DriveEye.app */,
				DC47B16922943F69007E291E /* DriveEyeTests.xctest */,
				DC47B17422943F69007E291E /* DriveEyeUITests.xctest */,
			);
			name = Products;
			sourceTree = "<group>";
		};
		DC47B15722943F69007E291E /* DriveEye */ = {
			isa = PBXGroup;
			children = (
				DCD42EA9229AD8D000A6F1F0 /* league */,
				DC47098A2296BF8600F016D1 /* cells */,
				DC561A602296F2D30005A922 /* coach */,
				DCB00A752296D68B00F476A3 /* customViews */,
				DCFE26C5229543440043DB65 /* pojo */,
				DCFE26C4229543330043DB65 /* Controller */,
				DCFE26C3229543210043DB65 /* Views */,
				DC47B15822943F69007E291E /* AppDelegate.swift */,
				DC47B15F22943F69007E291E /* Assets.xcassets */,
				DC47B16122943F69007E291E /* LaunchScreen.storyboard */,
				DC47B16422943F69007E291E /* Info.plist */,
			);
			path = DriveEye;
			sourceTree = "<group>";
		};
		DC47B16C22943F69007E291E /* DriveEyeTests */ = {
			isa = PBXGroup;
			children = (
				DC47B16D22943F69007E291E /* DriveEyeTests.swift */,
				DC47B16F22943F69007E291E /* Info.plist */,
			);
			path = DriveEyeTests;
			sourceTree = "<group>";
		};
		DC47B17722943F69007E291E /* DriveEyeUITests */ = {
			isa = PBXGroup;
			children = (
				DC47B17822943F69007E291E /* DriveEyeUITests.swift */,
				DC47B17A22943F69007E291E /* Info.plist */,
			);
			path = DriveEyeUITests;
			sourceTree = "<group>";
		};
		DC561A602296F2D30005A922 /* coach */ = {
			isa = PBXGroup;
			children = (
				DC92415F22974C8D000F6A51 /* model */,
				DC92415C22974AAF000F6A51 /* view */,
				DC2CD918229744910027BE34 /* controller */,
			);
			path = coach;
			sourceTree = "<group>";
		};
		DC92415C22974AAF000F6A51 /* view */ = {
			isa = PBXGroup;
			children = (
				DC16ECAC2298968F005A3DE5 /* Coach.storyboard */,
				DC16ECB0229896C7005A3DE5 /* CoachTVCell.swift */,
				DC16ECB1229896C7005A3DE5 /* CoachTVController.swift */,
			);
			name = view;
			path = "New Group1";
			sourceTree = "<group>";
		};
		DC92415F22974C8D000F6A51 /* model */ = {
			isa = PBXGroup;
			children = (
				DC16ECAE229896B1005A3DE5 /* CoachModel.swift */,
			);
			name = model;
			path = "New Group2";
			sourceTree = "<group>";
		};
		DCB00A752296D68B00F476A3 /* customViews */ = {
			isa = PBXGroup;
			children = (
				DC2CD91B229745020027BE34 /* alert */,
				DCB00A762296D74900F476A3 /* UIButtonExtention.swift */,
			);
			path = customViews;
			sourceTree = "<group>";
		};
		DCD42EA9229AD8D000A6F1F0 /* league */ = {
			isa = PBXGroup;
			children = (
				DC0606B9229E094B007EB97E /* delegate */,
				DC0606B6229E08EE007EB97E /* presenter */,
				DCFA73E6229BE82000CDC104 /* pojo */,
				DCD42EAB229AD93B00A6F1F0 /* model */,
				DCD42EAA229AD90700A6F1F0 /* view */,
			);
			path = league;
			sourceTree = "<group>";
		};
		DCD42EAA229AD90700A6F1F0 /* view */ = {
			isa = PBXGroup;
			children = (
				DC20BDC42296B07C00C505B9 /* viewController */,
				DCFE26C7229548F70043DB65 /* League.storyboard */,
			);
			path = view;
			sourceTree = "<group>";
		};
		DCD42EAB229AD93B00A6F1F0 /* model */ = {
			isa = PBXGroup;
			children = (
				DCFE26C922954EF60043DB65 /* LeagueModel.swift */,
			);
			path = model;
			sourceTree = "<group>";
		};
		DCFA73E6229BE82000CDC104 /* pojo */ = {
			isa = PBXGroup;
			children = (
				DCFA73E7229BE84E00CDC104 /* LeagueResponse.swift */,
				DCFA73E9229BEA1000CDC104 /* League.swift */,
				DCFBC61B229CBF470082C5B5 /* LeagueDetailsResponse.swift */,
				DCFBC61D229CC0080082C5B5 /* UserLeague.swift */,
				DCFB273922A00B390008BE8A /* LeaguePostResponse.swift */,
				DCFB273B22A027D40008BE8A /* LeaguePostErrorResponse.swift */,
			);
			path = pojo;
			sourceTree = "<group>";
		};
		DCFE26C3229543210043DB65 /* Views */ = {
			isa = PBXGroup;
			children = (
				DC47B15C22943F69007E291E /* Main.storyboard */,
				DC606A1A22956864003AEBB7 /* Season.storyboard */,
				DCB00A6F229577E500F476A3 /* LoginAndRegistration.storyboard */,
			);
			path = Views;
			sourceTree = "<group>";
		};
		DCFE26C4229543330043DB65 /* Controller */ = {
			isa = PBXGroup;
			children = (
				DC47B15A22943F69007E291E /* ViewController.swift */,
				DC4709882296BACF00F016D1 /* SeasonTableViewController.swift */,
				DC4709902296E95900F016D1 /* SeasonDeatailsViewController.swift */,
				DCB00A71229578B500F476A3 /* LoginViewController.swift */,
			);
			path = Controller;
			sourceTree = "<group>";
		};
		DCFE26C5229543440043DB65 /* pojo */ = {
			isa = PBXGroup;
			children = (
				DC4709B5229A29B500F016D1 /* Season.swift */,
				DC4709B7229A2B6B00F016D1 /* User.swift */,
			);
			path = pojo;
			sourceTree = "<group>";
		};
		EC5B14273D9CDA6780C03F3E /* Pods */ = {
			isa = PBXGroup;
			children = (
				BCEA8F317091670CB00C5BFC /* Pods-DriveEye.debug.xcconfig */,
				2397710A3E53D6FBCA7C8B25 /* Pods-DriveEye.release.xcconfig */,
				AC9B9B970489E7C885F5E442 /* Pods-DriveEyeTests.debug.xcconfig */,
				EEC3B23BFC89A41DD10DF775 /* Pods-DriveEyeTests.release.xcconfig */,
				69457F4C23196F701FE66241 /* Pods-DriveEyeUITests.debug.xcconfig */,
				1C5E10B5845CF107BD15F1DD /* Pods-DriveEyeUITests.release.xcconfig */,
			);
			path = Pods;
			sourceTree = "<group>";
		};
/* End PBXGroup section */

/* Begin PBXNativeTarget section */
		DC47B15422943F69007E291E /* DriveEye */ = {
			isa = PBXNativeTarget;
			buildConfigurationList = DC47B17D22943F6A007E291E /* Build configuration list for PBXNativeTarget "DriveEye" */;
			buildPhases = (
				DEC5799685ABD9339F97CF8E /* [CP] Check Pods Manifest.lock */,
				DC47B15122943F69007E291E /* Sources */,
				DC47B15222943F69007E291E /* Frameworks */,
				DC47B15322943F69007E291E /* Resources */,
				0C36D1C211AD6B4E398C1D7B /* [CP] Embed Pods Frameworks */,
			);
			buildRules = (
			);
			dependencies = (
			);
			name = DriveEye;
			productName = DriveEye;
			productReference = DC47B15522943F69007E291E /* DriveEye.app */;
			productType = "com.apple.product-type.application";
		};
		DC47B16822943F69007E291E /* DriveEyeTests */ = {
			isa = PBXNativeTarget;
			buildConfigurationList = DC47B18022943F6A007E291E /* Build configuration list for PBXNativeTarget "DriveEyeTests" */;
			buildPhases = (
				309BC1A9C84CB1B3FA61170C /* [CP] Check Pods Manifest.lock */,
				DC47B16522943F69007E291E /* Sources */,
				DC47B16622943F69007E291E /* Frameworks */,
				DC47B16722943F69007E291E /* Resources */,
			);
			buildRules = (
			);
			dependencies = (
				DC47B16B22943F69007E291E /* PBXTargetDependency */,
			);
			name = DriveEyeTests;
			productName = DriveEyeTests;
			productReference = DC47B16922943F69007E291E /* DriveEyeTests.xctest */;
			productType = "com.apple.product-type.bundle.unit-test";
		};
		DC47B17322943F69007E291E /* DriveEyeUITests */ = {
			isa = PBXNativeTarget;
			buildConfigurationList = DC47B18322943F6A007E291E /* Build configuration list for PBXNativeTarget "DriveEyeUITests" */;
			buildPhases = (
				312F6284BD3266D54EAF0192 /* [CP] Check Pods Manifest.lock */,
				DC47B17022943F69007E291E /* Sources */,
				DC47B17122943F69007E291E /* Frameworks */,
				DC47B17222943F69007E291E /* Resources */,
			);
			buildRules = (
			);
			dependencies = (
				DC47B17622943F69007E291E /* PBXTargetDependency */,
			);
			name = DriveEyeUITests;
			productName = DriveEyeUITests;
			productReference = DC47B17422943F69007E291E /* DriveEyeUITests.xctest */;
			productType = "com.apple.product-type.bundle.ui-testing";
		};
/* End PBXNativeTarget section */

/* Begin PBXProject section */
		DC47B14D22943F69007E291E /* Project object */ = {
			isa = PBXProject;
			attributes = {
				LastSwiftUpdateCheck = 0920;
				LastUpgradeCheck = 0920;
				ORGANIZATIONNAME = java;
				TargetAttributes = {
					DC47B15422943F69007E291E = {
						CreatedOnToolsVersion = 9.2;
						ProvisioningStyle = Automatic;
					};
					DC47B16822943F69007E291E = {
						CreatedOnToolsVersion = 9.2;
						ProvisioningStyle = Automatic;
						TestTargetID = DC47B15422943F69007E291E;
					};
					DC47B17322943F69007E291E = {
						CreatedOnToolsVersion = 9.2;
						ProvisioningStyle = Automatic;
						TestTargetID = DC47B15422943F69007E291E;
					};
				};
			};
			buildConfigurationList = DC47B15022943F69007E291E /* Build configuration list for PBXProject "DriveEye" */;
			compatibilityVersion = "Xcode 8.0";
			developmentRegion = en;
			hasScannedForEncodings = 0;
			knownRegions = (
				en,
				Base,
			);
			mainGroup = DC47B14C22943F69007E291E;
			productRefGroup = DC47B15622943F69007E291E /* Products */;
			projectDirPath = "";
			projectRoot = "";
			targets = (
				DC47B15422943F69007E291E /* DriveEye */,
				DC47B16822943F69007E291E /* DriveEyeTests */,
				DC47B17322943F69007E291E /* DriveEyeUITests */,
			);
		};
/* End PBXProject section */

/* Begin PBXResourcesBuildPhase section */
		DC47B15322943F69007E291E /* Resources */ = {
			isa = PBXResourcesBuildPhase;
			buildActionMask = 2147483647;
			files = (
				DC47B16322943F69007E291E /* LaunchScreen.storyboard in Resources */,
				DC47B16022943F69007E291E /* Assets.xcassets in Resources */,
				DC606A1B22956864003AEBB7 /* Season.storyboard in Resources */,
				DC47B15E22943F69007E291E /* Main.storyboard in Resources */,
				DCB00A70229577E500F476A3 /* LoginAndRegistration.storyboard in Resources */,
				DC16ECAD22989690005A3DE5 /* Coach.storyboard in Resources */,
				DCFE26C8229548F70043DB65 /* League.storyboard in Resources */,
				DC92416122974D95000F6A51 /* AlertStoryboard.storyboard in Resources */,
			);
			runOnlyForDeploymentPostprocessing = 0;
		};
		DC47B16722943F69007E291E /* Resources */ = {
			isa = PBXResourcesBuildPhase;
			buildActionMask = 2147483647;
			files = (
			);
			runOnlyForDeploymentPostprocessing = 0;
		};
		DC47B17222943F69007E291E /* Resources */ = {
			isa = PBXResourcesBuildPhase;
			buildActionMask = 2147483647;
			files = (
			);
			runOnlyForDeploymentPostprocessing = 0;
		};
/* End PBXResourcesBuildPhase section */

/* Begin PBXShellScriptBuildPhase section */
		0C36D1C211AD6B4E398C1D7B /* [CP] Embed Pods Frameworks */ = {
			isa = PBXShellScriptBuildPhase;
			buildActionMask = 2147483647;
			files = (
			);
			inputPaths = (
				"${PODS_ROOT}/Target Support Files/Pods-DriveEye/Pods-DriveEye-frameworks.sh",
				"${BUILT_PRODUCTS_DIR}/Alamofire/Alamofire.framework",
			);
			name = "[CP] Embed Pods Frameworks";
			outputPaths = (
				"${TARGET_BUILD_DIR}/${FRAMEWORKS_FOLDER_PATH}/Alamofire.framework",
			);
			runOnlyForDeploymentPostprocessing = 0;
			shellPath = /bin/sh;
			shellScript = "\"${PODS_ROOT}/Target Support Files/Pods-DriveEye/Pods-DriveEye-frameworks.sh\"\n";
			showEnvVarsInLog = 0;
		};
		309BC1A9C84CB1B3FA61170C /* [CP] Check Pods Manifest.lock */ = {
			isa = PBXShellScriptBuildPhase;
			buildActionMask = 2147483647;
			files = (
			);
			inputPaths = (
				"${PODS_PODFILE_DIR_PATH}/Podfile.lock",
				"${PODS_ROOT}/Manifest.lock",
			);
			name = "[CP] Check Pods Manifest.lock";
			outputPaths = (
				"$(DERIVED_FILE_DIR)/Pods-DriveEyeTests-checkManifestLockResult.txt",
			);
			runOnlyForDeploymentPostprocessing = 0;
			shellPath = /bin/sh;
			shellScript = "diff \"${PODS_PODFILE_DIR_PATH}/Podfile.lock\" \"${PODS_ROOT}/Manifest.lock\" > /dev/null\nif [ $? != 0 ] ; then\n    # print error to STDERR\n    echo \"error: The sandbox is not in sync with the Podfile.lock. Run 'pod install' or update your CocoaPods installation.\" >&2\n    exit 1\nfi\n# This output is used by Xcode 'outputs' to avoid re-running this script phase.\necho \"SUCCESS\" > \"${SCRIPT_OUTPUT_FILE_0}\"\n";
			showEnvVarsInLog = 0;
		};
		312F6284BD3266D54EAF0192 /* [CP] Check Pods Manifest.lock */ = {
			isa = PBXShellScriptBuildPhase;
			buildActionMask = 2147483647;
			files = (
			);
			inputPaths = (
				"${PODS_PODFILE_DIR_PATH}/Podfile.lock",
				"${PODS_ROOT}/Manifest.lock",
			);
			name = "[CP] Check Pods Manifest.lock";
			outputPaths = (
				"$(DERIVED_FILE_DIR)/Pods-DriveEyeUITests-checkManifestLockResult.txt",
			);
			runOnlyForDeploymentPostprocessing = 0;
			shellPath = /bin/sh;
			shellScript = "diff \"${PODS_PODFILE_DIR_PATH}/Podfile.lock\" \"${PODS_ROOT}/Manifest.lock\" > /dev/null\nif [ $? != 0 ] ; then\n    # print error to STDERR\n    echo \"error: The sandbox is not in sync with the Podfile.lock. Run 'pod install' or update your CocoaPods installation.\" >&2\n    exit 1\nfi\n# This output is used by Xcode 'outputs' to avoid re-running this script phase.\necho \"SUCCESS\" > \"${SCRIPT_OUTPUT_FILE_0}\"\n";
			showEnvVarsInLog = 0;
		};
		DEC5799685ABD9339F97CF8E /* [CP] Check Pods Manifest.lock */ = {
			isa = PBXShellScriptBuildPhase;
			buildActionMask = 2147483647;
			files = (
			);
			inputPaths = (
				"${PODS_PODFILE_DIR_PATH}/Podfile.lock",
				"${PODS_ROOT}/Manifest.lock",
			);
			name = "[CP] Check Pods Manifest.lock";
			outputPaths = (
				"$(DERIVED_FILE_DIR)/Pods-DriveEye-checkManifestLockResult.txt",
			);
			runOnlyForDeploymentPostprocessing = 0;
			shellPath = /bin/sh;
			shellScript = "diff \"${PODS_PODFILE_DIR_PATH}/Podfile.lock\" \"${PODS_ROOT}/Manifest.lock\" > /dev/null\nif [ $? != 0 ] ; then\n    # print error to STDERR\n    echo \"error: The sandbox is not in sync with the Podfile.lock. Run 'pod install' or update your CocoaPods installation.\" >&2\n    exit 1\nfi\n# This output is used by Xcode 'outputs' to avoid re-running this script phase.\necho \"SUCCESS\" > \"${SCRIPT_OUTPUT_FILE_0}\"\n";
			showEnvVarsInLog = 0;
		};
/* End PBXShellScriptBuildPhase section */

/* Begin PBXSourcesBuildPhase section */
		DC47B15122943F69007E291E /* Sources */ = {
			isa = PBXSourcesBuildPhase;
			buildActionMask = 2147483647;
			files = (
				DC4709B6229A29B500F016D1 /* Season.swift in Sources */,
				DC0606B8229E090F007EB97E /* LeaguePresenter.swift in Sources */,
				DC47098C2296BFCC00F016D1 /* SeasonTableViewCell.swift in Sources */,
				DCFB2736229FF1A30008BE8A /* LeagueAlertPresenter.swift in Sources */,
				DC16ECB3229896C7005A3DE5 /* CoachTVController.swift in Sources */,
				DC0606BF229ED02A007EB97E /* LeagueDetailsPresenter.swift in Sources */,
				DC16ECB2229896C7005A3DE5 /* CoachTVCell.swift in Sources */,
				DC2CD91A229744DC0027BE34 /* CoachController.swift in Sources */,
				DC3FE14E22A14BC0004E4851 /* ActionEnum.swift in Sources */,
				DCFBC61E229CC0080082C5B5 /* UserLeague.swift in Sources */,
				DCFE6851229B16FE004FFECA /* LeagueVController.swift in Sources */,
				DCFB273C22A027D40008BE8A /* LeaguePostErrorResponse.swift in Sources */,
				DC2CD91D229745250027BE34 /* AlertServices.swift in Sources */,
				DCFE26CA22954EF60043DB65 /* LeagueModel.swift in Sources */,
				DC20BDC82296C6CF00C505B9 /* LeagueAlertVController.swift in Sources */,
				DCB00A772296D74900F476A3 /* UIButtonExtention.swift in Sources */,
				DCFA73EA229BEA1000CDC104 /* League.swift in Sources */,
				DC47B15B22943F69007E291E /* ViewController.swift in Sources */,
				DC20BDC62296BE7900C505B9 /* LeagueDetailsVController.swift in Sources */,
				DC4709892296BACF00F016D1 /* SeasonTableViewController.swift in Sources */,
				DC4709B8229A2B6B00F016D1 /* User.swift in Sources */,
				DC79D5192298120E00420167 /* AlertVC.swift in Sources */,
				DCFB273822A0051A0008BE8A /* LeagueAlertDelegate.swift in Sources */,
				DCFA73E8229BE84E00CDC104 /* LeagueResponse.swift in Sources */,
				DCFBC61C229CBF470082C5B5 /* LeagueDetailsResponse.swift in Sources */,
				DCFB273A22A00B390008BE8A /* LeaguePostResponse.swift in Sources */,
				DCB00A72229578B500F476A3 /* LoginViewController.swift in Sources */,
				DC0606BD229E09A1007EB97E /* LeagueDetailsDelegate.swift in Sources */,
				DC16ECAF229896B1005A3DE5 /* CoachModel.swift in Sources */,
				DC47B15922943F69007E291E /* AppDelegate.swift in Sources */,
				DC20BDC32296A85100C505B9 /* LeagueTVCell.swift in Sources */,
				DC4709912296E95900F016D1 /* SeasonDeatailsViewController.swift in Sources */,
				DC0606BB229E097D007EB97E /* LeagueDelegate.swift in Sources */,
			);
			runOnlyForDeploymentPostprocessing = 0;
		};
		DC47B16522943F69007E291E /* Sources */ = {
			isa = PBXSourcesBuildPhase;
			buildActionMask = 2147483647;
			files = (
				DC47B16E22943F69007E291E /* DriveEyeTests.swift in Sources */,
			);
			runOnlyForDeploymentPostprocessing = 0;
		};
		DC47B17022943F69007E291E /* Sources */ = {
			isa = PBXSourcesBuildPhase;
			buildActionMask = 2147483647;
			files = (
				DC47B17922943F69007E291E /* DriveEyeUITests.swift in Sources */,
			);
			runOnlyForDeploymentPostprocessing = 0;
		};
/* End PBXSourcesBuildPhase section */

/* Begin PBXTargetDependency section */
		DC47B16B22943F69007E291E /* PBXTargetDependency */ = {
			isa = PBXTargetDependency;
			target = DC47B15422943F69007E291E /* DriveEye */;
			targetProxy = DC47B16A22943F69007E291E /* PBXContainerItemProxy */;
		};
		DC47B17622943F69007E291E /* PBXTargetDependency */ = {
			isa = PBXTargetDependency;
			target = DC47B15422943F69007E291E /* DriveEye */;
			targetProxy = DC47B17522943F69007E291E /* PBXContainerItemProxy */;
		};
/* End PBXTargetDependency section */

/* Begin PBXVariantGroup section */
		DC47B15C22943F69007E291E /* Main.storyboard */ = {
			isa = PBXVariantGroup;
			children = (
				DC47B15D22943F69007E291E /* Base */,
			);
			name = Main.storyboard;
			sourceTree = "<group>";
		};
		DC47B16122943F69007E291E /* LaunchScreen.storyboard */ = {
			isa = PBXVariantGroup;
			children = (
				DC47B16222943F69007E291E /* Base */,
			);
			name = LaunchScreen.storyboard;
			sourceTree = "<group>";
		};
/* End PBXVariantGroup section */

/* Begin XCBuildConfiguration section */
		DC47B17B22943F69007E291E /* Debug */ = {
			isa = XCBuildConfiguration;
			buildSettings = {
				ALWAYS_SEARCH_USER_PATHS = NO;
				CLANG_ANALYZER_NONNULL = YES;
				CLANG_ANALYZER_NUMBER_OBJECT_CONVERSION = YES_AGGRESSIVE;
				CLANG_CXX_LANGUAGE_STANDARD = "gnu++14";
				CLANG_CXX_LIBRARY = "libc++";
				CLANG_ENABLE_MODULES = YES;
				CLANG_ENABLE_OBJC_ARC = YES;
				CLANG_WARN_BLOCK_CAPTURE_AUTORELEASING = YES;
				CLANG_WARN_BOOL_CONVERSION = YES;
				CLANG_WARN_COMMA = YES;
				CLANG_WARN_CONSTANT_CONVERSION = YES;
				CLANG_WARN_DIRECT_OBJC_ISA_USAGE = YES_ERROR;
				CLANG_WARN_DOCUMENTATION_COMMENTS = YES;
				CLANG_WARN_EMPTY_BODY = YES;
				CLANG_WARN_ENUM_CONVERSION = YES;
				CLANG_WARN_INFINITE_RECURSION = YES;
				CLANG_WARN_INT_CONVERSION = YES;
				CLANG_WARN_NON_LITERAL_NULL_CONVERSION = YES;
				CLANG_WARN_OBJC_LITERAL_CONVERSION = YES;
				CLANG_WARN_OBJC_ROOT_CLASS = YES_ERROR;
				CLANG_WARN_RANGE_LOOP_ANALYSIS = YES;
				CLANG_WARN_STRICT_PROTOTYPES = YES;
				CLANG_WARN_SUSPICIOUS_MOVE = YES;
				CLANG_WARN_UNGUARDED_AVAILABILITY = YES_AGGRESSIVE;
				CLANG_WARN_UNREACHABLE_CODE = YES;
				CLANG_WARN__DUPLICATE_METHOD_MATCH = YES;
				CODE_SIGN_IDENTITY = "iPhone Developer";
				COPY_PHASE_STRIP = NO;
				DEBUG_INFORMATION_FORMAT = dwarf;
				ENABLE_STRICT_OBJC_MSGSEND = YES;
				ENABLE_TESTABILITY = YES;
				GCC_C_LANGUAGE_STANDARD = gnu11;
				GCC_DYNAMIC_NO_PIC = NO;
				GCC_NO_COMMON_BLOCKS = YES;
				GCC_OPTIMIZATION_LEVEL = 0;
				GCC_PREPROCESSOR_DEFINITIONS = (
					"DEBUG=1",
					"$(inherited)",
				);
				GCC_WARN_64_TO_32_BIT_CONVERSION = YES;
				GCC_WARN_ABOUT_RETURN_TYPE = YES_ERROR;
				GCC_WARN_UNDECLARED_SELECTOR = YES;
				GCC_WARN_UNINITIALIZED_AUTOS = YES_AGGRESSIVE;
				GCC_WARN_UNUSED_FUNCTION = YES;
				GCC_WARN_UNUSED_VARIABLE = YES;
				IPHONEOS_DEPLOYMENT_TARGET = 11.2;
				MTL_ENABLE_DEBUG_INFO = YES;
				ONLY_ACTIVE_ARCH = YES;
				SDKROOT = iphoneos;
				SWIFT_ACTIVE_COMPILATION_CONDITIONS = DEBUG;
				SWIFT_OPTIMIZATION_LEVEL = "-Onone";
			};
			name = Debug;
		};
		DC47B17C22943F69007E291E /* Release */ = {
			isa = XCBuildConfiguration;
			buildSettings = {
				ALWAYS_SEARCH_USER_PATHS = NO;
				CLANG_ANALYZER_NONNULL = YES;
				CLANG_ANALYZER_NUMBER_OBJECT_CONVERSION = YES_AGGRESSIVE;
				CLANG_CXX_LANGUAGE_STANDARD = "gnu++14";
				CLANG_CXX_LIBRARY = "libc++";
				CLANG_ENABLE_MODULES = YES;
				CLANG_ENABLE_OBJC_ARC = YES;
				CLANG_WARN_BLOCK_CAPTURE_AUTORELEASING = YES;
				CLANG_WARN_BOOL_CONVERSION = YES;
				CLANG_WARN_COMMA = YES;
				CLANG_WARN_CONSTANT_CONVERSION = YES;
				CLANG_WARN_DIRECT_OBJC_ISA_USAGE = YES_ERROR;
				CLANG_WARN_DOCUMENTATION_COMMENTS = YES;
				CLANG_WARN_EMPTY_BODY = YES;
				CLANG_WARN_ENUM_CONVERSION = YES;
				CLANG_WARN_INFINITE_RECURSION = YES;
				CLANG_WARN_INT_CONVERSION = YES;
				CLANG_WARN_NON_LITERAL_NULL_CONVERSION = YES;
				CLANG_WARN_OBJC_LITERAL_CONVERSION = YES;
				CLANG_WARN_OBJC_ROOT_CLASS = YES_ERROR;
				CLANG_WARN_RANGE_LOOP_ANALYSIS = YES;
				CLANG_WARN_STRICT_PROTOTYPES = YES;
				CLANG_WARN_SUSPICIOUS_MOVE = YES;
				CLANG_WARN_UNGUARDED_AVAILABILITY = YES_AGGRESSIVE;
				CLANG_WARN_UNREACHABLE_CODE = YES;
				CLANG_WARN__DUPLICATE_METHOD_MATCH = YES;
				CODE_SIGN_IDENTITY = "iPhone Developer";
				COPY_PHASE_STRIP = NO;
				DEBUG_INFORMATION_FORMAT = "dwarf-with-dsym";
				ENABLE_NS_ASSERTIONS = NO;
				ENABLE_STRICT_OBJC_MSGSEND = YES;
				GCC_C_LANGUAGE_STANDARD = gnu11;
				GCC_NO_COMMON_BLOCKS = YES;
				GCC_WARN_64_TO_32_BIT_CONVERSION = YES;
				GCC_WARN_ABOUT_RETURN_TYPE = YES_ERROR;
				GCC_WARN_UNDECLARED_SELECTOR = YES;
				GCC_WARN_UNINITIALIZED_AUTOS = YES_AGGRESSIVE;
				GCC_WARN_UNUSED_FUNCTION = YES;
				GCC_WARN_UNUSED_VARIABLE = YES;
				IPHONEOS_DEPLOYMENT_TARGET = 11.2;
				MTL_ENABLE_DEBUG_INFO = NO;
				SDKROOT = iphoneos;
				SWIFT_OPTIMIZATION_LEVEL = "-Owholemodule";
				VALIDATE_PRODUCT = YES;
			};
			name = Release;
		};
		DC47B17E22943F6A007E291E /* Debug */ = {
			isa = XCBuildConfiguration;
			baseConfigurationReference = BCEA8F317091670CB00C5BFC /* Pods-DriveEye.debug.xcconfig */;
			buildSettings = {
				ASSETCATALOG_COMPILER_APPICON_NAME = AppIcon;
				CODE_SIGN_STYLE = Automatic;
				INFOPLIST_FILE = DriveEye/Info.plist;
				LD_RUNPATH_SEARCH_PATHS = "$(inherited) @executable_path/Frameworks";
				PRODUCT_BUNDLE_IDENTIFIER = iti.jets.DriveEye;
				PRODUCT_NAME = "$(TARGET_NAME)";
				SWIFT_VERSION = 4.0;
				TARGETED_DEVICE_FAMILY = "1,2";
			};
			name = Debug;
		};
		DC47B17F22943F6A007E291E /* Release */ = {
			isa = XCBuildConfiguration;
			baseConfigurationReference = 2397710A3E53D6FBCA7C8B25 /* Pods-DriveEye.release.xcconfig */;
			buildSettings = {
				ASSETCATALOG_COMPILER_APPICON_NAME = AppIcon;
				CODE_SIGN_STYLE = Automatic;
				INFOPLIST_FILE = DriveEye/Info.plist;
				LD_RUNPATH_SEARCH_PATHS = "$(inherited) @executable_path/Frameworks";
				PRODUCT_BUNDLE_IDENTIFIER = iti.jets.DriveEye;
				PRODUCT_NAME = "$(TARGET_NAME)";
				SWIFT_VERSION = 4.0;
				TARGETED_DEVICE_FAMILY = "1,2";
			};
			name = Release;
		};
		DC47B18122943F6A007E291E /* Debug */ = {
			isa = XCBuildConfiguration;
			baseConfigurationReference = AC9B9B970489E7C885F5E442 /* Pods-DriveEyeTests.debug.xcconfig */;
			buildSettings = {
				ALWAYS_EMBED_SWIFT_STANDARD_LIBRARIES = YES;
				BUNDLE_LOADER = "$(TEST_HOST)";
				CODE_SIGN_STYLE = Automatic;
				INFOPLIST_FILE = DriveEyeTests/Info.plist;
				LD_RUNPATH_SEARCH_PATHS = "$(inherited) @executable_path/Frameworks @loader_path/Frameworks";
				PRODUCT_BUNDLE_IDENTIFIER = iti.jets.DriveEyeTests;
				PRODUCT_NAME = "$(TARGET_NAME)";
				SWIFT_VERSION = 4.0;
				TARGETED_DEVICE_FAMILY = "1,2";
				TEST_HOST = "$(BUILT_PRODUCTS_DIR)/DriveEye.app/DriveEye";
			};
			name = Debug;
		};
		DC47B18222943F6A007E291E /* Release */ = {
			isa = XCBuildConfiguration;
			baseConfigurationReference = EEC3B23BFC89A41DD10DF775 /* Pods-DriveEyeTests.release.xcconfig */;
			buildSettings = {
				ALWAYS_EMBED_SWIFT_STANDARD_LIBRARIES = YES;
				BUNDLE_LOADER = "$(TEST_HOST)";
				CODE_SIGN_STYLE = Automatic;
				INFOPLIST_FILE = DriveEyeTests/Info.plist;
				LD_RUNPATH_SEARCH_PATHS = "$(inherited) @executable_path/Frameworks @loader_path/Frameworks";
				PRODUCT_BUNDLE_IDENTIFIER = iti.jets.DriveEyeTests;
				PRODUCT_NAME = "$(TARGET_NAME)";
				SWIFT_VERSION = 4.0;
				TARGETED_DEVICE_FAMILY = "1,2";
				TEST_HOST = "$(BUILT_PRODUCTS_DIR)/DriveEye.app/DriveEye";
			};
			name = Release;
		};
		DC47B18422943F6A007E291E /* Debug */ = {
			isa = XCBuildConfiguration;
			baseConfigurationReference = 69457F4C23196F701FE66241 /* Pods-DriveEyeUITests.debug.xcconfig */;
			buildSettings = {
				ALWAYS_EMBED_SWIFT_STANDARD_LIBRARIES = YES;
				CODE_SIGN_STYLE = Automatic;
				INFOPLIST_FILE = DriveEyeUITests/Info.plist;
				LD_RUNPATH_SEARCH_PATHS = "$(inherited) @executable_path/Frameworks @loader_path/Frameworks";
				PRODUCT_BUNDLE_IDENTIFIER = iti.jets.DriveEyeUITests;
				PRODUCT_NAME = "$(TARGET_NAME)";
				SWIFT_VERSION = 4.0;
				TARGETED_DEVICE_FAMILY = "1,2";
				TEST_TARGET_NAME = DriveEye;
			};
			name = Debug;
		};
		DC47B18522943F6A007E291E /* Release */ = {
			isa = XCBuildConfiguration;
			baseConfigurationReference = 1C5E10B5845CF107BD15F1DD /* Pods-DriveEyeUITests.release.xcconfig */;
			buildSettings = {
				ALWAYS_EMBED_SWIFT_STANDARD_LIBRARIES = YES;
				CODE_SIGN_STYLE = Automatic;
				INFOPLIST_FILE = DriveEyeUITests/Info.plist;
				LD_RUNPATH_SEARCH_PATHS = "$(inherited) @executable_path/Frameworks @loader_path/Frameworks";
				PRODUCT_BUNDLE_IDENTIFIER = iti.jets.DriveEyeUITests;
				PRODUCT_NAME = "$(TARGET_NAME)";
				SWIFT_VERSION = 4.0;
				TARGETED_DEVICE_FAMILY = "1,2";
				TEST_TARGET_NAME = DriveEye;
			};
			name = Release;
		};
/* End XCBuildConfiguration section */

/* Begin XCConfigurationList section */
		DC47B15022943F69007E291E /* Build configuration list for PBXProject "DriveEye" */ = {
			isa = XCConfigurationList;
			buildConfigurations = (
				DC47B17B22943F69007E291E /* Debug */,
				DC47B17C22943F69007E291E /* Release */,
			);
			defaultConfigurationIsVisible = 0;
			defaultConfigurationName = Release;
		};
		DC47B17D22943F6A007E291E /* Build configuration list for PBXNativeTarget "DriveEye" */ = {
			isa = XCConfigurationList;
			buildConfigurations = (
				DC47B17E22943F6A007E291E /* Debug */,
				DC47B17F22943F6A007E291E /* Release */,
			);
			defaultConfigurationIsVisible = 0;
			defaultConfigurationName = Release;
		};
		DC47B18022943F6A007E291E /* Build configuration list for PBXNativeTarget "DriveEyeTests" */ = {
			isa = XCConfigurationList;
			buildConfigurations = (
				DC47B18122943F6A007E291E /* Debug */,
				DC47B18222943F6A007E291E /* Release */,
			);
			defaultConfigurationIsVisible = 0;
			defaultConfigurationName = Release;
		};
		DC47B18322943F6A007E291E /* Build configuration list for PBXNativeTarget "DriveEyeUITests" */ = {
			isa = XCConfigurationList;
			buildConfigurations = (
				DC47B18422943F6A007E291E /* Debug */,
				DC47B18522943F6A007E291E /* Release */,
			);
			defaultConfigurationIsVisible = 0;
			defaultConfigurationName = Release;
		};
/* End XCConfigurationList section */
	};
	rootObject = DC47B14D22943F69007E291E /* Project object */;
}
